// !$*UTF8*$!
{
	archiveVersion = 1;
	classes = {
	};
	objectVersion = 50;
	objects = {

/* Begin PBXBuildFile section */
		B55345F6256BECFF0032052C /* avl.cpp in Sources */ = {isa = PBXBuildFile; fileRef = B55345F1256BECFF0032052C /* avl.cpp */; };
		B55345F7256BECFF0032052C /* main.cpp in Sources */ = {isa = PBXBuildFile; fileRef = B55345F2256BECFF0032052C /* main.cpp */; };
		B55345F8256BECFF0032052C /* string.cpp in Sources */ = {isa = PBXBuildFile; fileRef = B55345F4256BECFF0032052C /* string.cpp */; };
		B5534601256C23A60032052C /* benchmark.cpp in Sources */ = {isa = PBXBuildFile; fileRef = B5534600256C23A60032052C /* benchmark.cpp */; };
		B5534604256C24450032052C /* avl.cpp in Sources */ = {isa = PBXBuildFile; fileRef = B55345F1256BECFF0032052C /* avl.cpp */; };
		B5534605256C24450032052C /* string.cpp in Sources */ = {isa = PBXBuildFile; fileRef = B55345F4256BECFF0032052C /* string.cpp */; };
/* End PBXBuildFile section */

/* Begin PBXCopyFilesBuildPhase section */
		B55345BF256BEB350032052C /* CopyFiles */ = {
			isa = PBXCopyFilesBuildPhase;
			buildActionMask = 2147483647;
			dstPath = /usr/share/man/man1/;
			dstSubfolderSpec = 0;
			files = (
			);
			runOnlyForDeploymentPostprocessing = 1;
		};
		B5B783C92566AAE500413860 /* CopyFiles */ = {
			isa = PBXCopyFilesBuildPhase;
			buildActionMask = 2147483647;
			dstPath = /usr/share/man/man1/;
			dstSubfolderSpec = 0;
			files = (
			);
			runOnlyForDeploymentPostprocessing = 1;
		};
/* End PBXCopyFilesBuildPhase section */

/* Begin PBXFileReference section */
		B55345C1256BEB350032052C /* benchmark */ = {isa = PBXFileReference; explicitFileType = "compiled.mach-o.executable"; includeInIndex = 0; path = benchmark; sourceTree = BUILT_PRODUCTS_DIR; };
		B55345F1256BECFF0032052C /* avl.cpp */ = {isa = PBXFileReference; fileEncoding = 4; lastKnownFileType = sourcecode.cpp.cpp; name = avl.cpp; path = ../../avl.cpp; sourceTree = "<group>"; };
		B55345F2256BECFF0032052C /* main.cpp */ = {isa = PBXFileReference; fileEncoding = 4; lastKnownFileType = sourcecode.cpp.cpp; name = main.cpp; path = ../../main.cpp; sourceTree = "<group>"; };
		B55345F3256BECFF0032052C /* string.hpp */ = {isa = PBXFileReference; fileEncoding = 4; lastKnownFileType = sourcecode.cpp.h; name = string.hpp; path = ../../string.hpp; sourceTree = "<group>"; };
		B55345F4256BECFF0032052C /* string.cpp */ = {isa = PBXFileReference; fileEncoding = 4; lastKnownFileType = sourcecode.cpp.cpp; name = string.cpp; path = ../../string.cpp; sourceTree = "<group>"; };
		B55345F5256BECFF0032052C /* avl.hpp */ = {isa = PBXFileReference; fileEncoding = 4; lastKnownFileType = sourcecode.cpp.h; name = avl.hpp; path = ../../avl.hpp; sourceTree = "<group>"; };
		B5534600256C23A60032052C /* benchmark.cpp */ = {isa = PBXFileReference; fileEncoding = 4; lastKnownFileType = sourcecode.cpp.cpp; name = benchmark.cpp; path = ../../benchmark.cpp; sourceTree = "<group>"; };
		B5B783CB2566AAE500413860 /* da_lab_02 */ = {isa = PBXFileReference; explicitFileType = "compiled.mach-o.executable"; includeInIndex = 0; path = da_lab_02; sourceTree = BUILT_PRODUCTS_DIR; };
/* End PBXFileReference section */

/* Begin PBXFrameworksBuildPhase section */
		B55345BE256BEB350032052C /* Frameworks */ = {
			isa = PBXFrameworksBuildPhase;
			buildActionMask = 2147483647;
			files = (
			);
			runOnlyForDeploymentPostprocessing = 0;
		};
		B5B783C82566AAE500413860 /* Frameworks */ = {
			isa = PBXFrameworksBuildPhase;
			buildActionMask = 2147483647;
			files = (
			);
			runOnlyForDeploymentPostprocessing = 0;
		};
/* End PBXFrameworksBuildPhase section */

/* Begin PBXGroup section */
		B55345C2256BEB350032052C /* benchmark */ = {
			isa = PBXGroup;
			children = (
			);
			path = benchmark;
			sourceTree = "<group>";
		};
		B5B783C22566AAE500413860 = {
			isa = PBXGroup;
			children = (
				B5B783CD2566AAE500413860 /* da_lab_02 */,
				B55345C2256BEB350032052C /* benchmark */,
				B5B783CC2566AAE500413860 /* Products */,
			);
			sourceTree = "<group>";
		};
		B5B783CC2566AAE500413860 /* Products */ = {
			isa = PBXGroup;
			children = (
				B5B783CB2566AAE500413860 /* da_lab_02 */,
				B55345C1256BEB350032052C /* benchmark */,
			);
			name = Products;
			sourceTree = "<group>";
		};
		B5B783CD2566AAE500413860 /* da_lab_02 */ = {
			isa = PBXGroup;
			children = (
				B5534600256C23A60032052C /* benchmark.cpp */,
				B55345F1256BECFF0032052C /* avl.cpp */,
				B55345F5256BECFF0032052C /* avl.hpp */,
				B55345F2256BECFF0032052C /* main.cpp */,
				B55345F4256BECFF0032052C /* string.cpp */,
				B55345F3256BECFF0032052C /* string.hpp */,
			);
			path = da_lab_02;
			sourceTree = "<group>";
		};
/* End PBXGroup section */

/* Begin PBXNativeTarget section */
		B55345C0256BEB350032052C /* benchmark */ = {
			isa = PBXNativeTarget;
			buildConfigurationList = B55345C7256BEB350032052C /* Build configuration list for PBXNativeTarget "benchmark" */;
			buildPhases = (
				B55345BD256BEB350032052C /* Sources */,
				B55345BE256BEB350032052C /* Frameworks */,
				B55345BF256BEB350032052C /* CopyFiles */,
			);
			buildRules = (
			);
			dependencies = (
			);
			name = benchmark;
			productName = benchmark;
			productReference = B55345C1256BEB350032052C /* benchmark */;
			productType = "com.apple.product-type.tool";
		};
		B5B783CA2566AAE500413860 /* da_lab_02 */ = {
			isa = PBXNativeTarget;
			buildConfigurationList = B5B783D22566AAE500413860 /* Build configuration list for PBXNativeTarget "da_lab_02" */;
			buildPhases = (
				B5B783C72566AAE500413860 /* Sources */,
				B5B783C82566AAE500413860 /* Frameworks */,
				B5B783C92566AAE500413860 /* CopyFiles */,
			);
			buildRules = (
			);
			dependencies = (
			);
			name = da_lab_02;
			productName = da_lab_02;
			productReference = B5B783CB2566AAE500413860 /* da_lab_02 */;
			productType = "com.apple.product-type.tool";
		};
/* End PBXNativeTarget section */

/* Begin PBXProject section */
		B5B783C32566AAE500413860 /* Project object */ = {
			isa = PBXProject;
			attributes = {
				LastUpgradeCheck = 1220;
				TargetAttributes = {
					B55345C0256BEB350032052C = {
						CreatedOnToolsVersion = 12.2;
					};
					B5B783CA2566AAE500413860 = {
						CreatedOnToolsVersion = 12.2;
					};
				};
			};
			buildConfigurationList = B5B783C62566AAE500413860 /* Build configuration list for PBXProject "da_lab_02" */;
			compatibilityVersion = "Xcode 9.3";
			developmentRegion = en;
			hasScannedForEncodings = 0;
			knownRegions = (
				en,
				Base,
			);
			mainGroup = B5B783C22566AAE500413860;
			productRefGroup = B5B783CC2566AAE500413860 /* Products */;
			projectDirPath = "";
			projectRoot = "";
			targets = (
				B5B783CA2566AAE500413860 /* da_lab_02 */,
				B55345C0256BEB350032052C /* benchmark */,
			);
		};
/* End PBXProject section */

/* Begin PBXSourcesBuildPhase section */
		B55345BD256BEB350032052C /* Sources */ = {
			isa = PBXSourcesBuildPhase;
			buildActionMask = 2147483647;
			files = (
				B5534604256C24450032052C /* avl.cpp in Sources */,
				B5534605256C24450032052C /* string.cpp in Sources */,
				B5534601256C23A60032052C /* benchmark.cpp in Sources */,
			);
			runOnlyForDeploymentPostprocessing = 0;
		};
		B5B783C72566AAE500413860 /* Sources */ = {
			isa = PBXSourcesBuildPhase;
			buildActionMask = 2147483647;
			files = (
				B55345F8256BECFF0032052C /* string.cpp in Sources */,
				B55345F7256BECFF0032052C /* main.cpp in Sources */,
				B55345F6256BECFF0032052C /* avl.cpp in Sources */,
			);
			runOnlyForDeploymentPostprocessing = 0;
		};
/* End PBXSourcesBuildPhase section */

/* Begin XCBuildConfiguration section */
		B55345C5256BEB350032052C /* Debug */ = {
			isa = XCBuildConfiguration;
			buildSettings = {
				CODE_SIGN_STYLE = Automatic;
				PRODUCT_NAME = "$(TARGET_NAME)";
			};
			name = Debug;
		};
		B55345C6256BEB350032052C /* Release */ = {
			isa = XCBuildConfiguration;
			buildSettings = {
				CODE_SIGN_STYLE = Automatic;
				PRODUCT_NAME = "$(TARGET_NAME)";
			};
			name = Release;
		};
		B5B783D02566AAE500413860 /* Debug */ = {
			isa = XCBuildConfiguration;
			buildSettings = {
				ALWAYS_SEARCH_USER_PATHS = NO;
				CLANG_ANALYZER_NONNULL = YES;
				CLANG_ANALYZER_NUMBER_OBJECT_CONVERSION = YES_AGGRESSIVE;
				CLANG_CXX_LANGUAGE_STANDARD = "gnu++14";
				CLANG_CXX_LIBRARY = "libc++";
				CLANG_ENABLE_MODULES = YES;
				CLANG_ENABLE_OBJC_ARC = YES;
				CLANG_ENABLE_OBJC_WEAK = YES;
				CLANG_WARN_BLOCK_CAPTURE_AUTORELEASING = YES;
				CLANG_WARN_BOOL_CONVERSION = YES;
				CLANG_WARN_COMMA = YES;
				CLANG_WARN_CONSTANT_CONVERSION = YES;
				CLANG_WARN_DEPRECATED_OBJC_IMPLEMENTATIONS = YES;
				CLANG_WARN_DIRECT_OBJC_ISA_USAGE = YES_ERROR;
				CLANG_WARN_DOCUMENTATION_COMMENTS = YES;
				CLANG_WARN_EMPTY_BODY = YES;
				CLANG_WARN_ENUM_CONVERSION = YES;
				CLANG_WARN_INFINITE_RECURSION = YES;
				CLANG_WARN_INT_CONVERSION = YES;
				CLANG_WARN_NON_LITERAL_NULL_CONVERSION = YES;
				CLANG_WARN_OBJC_IMPLICIT_RETAIN_SELF = YES;
				CLANG_WARN_OBJC_LITERAL_CONVERSION = YES;
				CLANG_WARN_OBJC_ROOT_CLASS = YES_ERROR;
				CLANG_WARN_QUOTED_INCLUDE_IN_FRAMEWORK_HEADER = YES;
				CLANG_WARN_RANGE_LOOP_ANALYSIS = YES;
				CLANG_WARN_STRICT_PROTOTYPES = YES;
				CLANG_WARN_SUSPICIOUS_MOVE = YES;
				CLANG_WARN_UNGUARDED_AVAILABILITY = YES_AGGRESSIVE;
				CLANG_WARN_UNREACHABLE_CODE = YES;
				CLANG_WARN__DUPLICATE_METHOD_MATCH = YES;
				COPY_PHASE_STRIP = NO;
				DEBUG_INFORMATION_FORMAT = dwarf;
				ENABLE_STRICT_OBJC_MSGSEND = YES;
				ENABLE_TESTABILITY = YES;
				GCC_C_LANGUAGE_STANDARD = gnu11;
				GCC_DYNAMIC_NO_PIC = NO;
				GCC_NO_COMMON_BLOCKS = YES;
				GCC_OPTIMIZATION_LEVEL = 0;
				GCC_PREPROCESSOR_DEFINITIONS = (
					"DEBUG=1",
					"$(inherited)",
				);
				GCC_WARN_64_TO_32_BIT_CONVERSION = YES;
				GCC_WARN_ABOUT_RETURN_TYPE = YES_ERROR;
				GCC_WARN_UNDECLARED_SELECTOR = YES;
				GCC_WARN_UNINITIALIZED_AUTOS = YES_AGGRESSIVE;
				GCC_WARN_UNUSED_FUNCTION = YES;
				GCC_WARN_UNUSED_VARIABLE = YES;
				MACOSX_DEPLOYMENT_TARGET = 10.15;
				MTL_ENABLE_DEBUG_INFO = INCLUDE_SOURCE;
				MTL_FAST_MATH = YES;
				ONLY_ACTIVE_ARCH = YES;
				SDKROOT = macosx;
			};
			name = Debug;
		};
		B5B783D12566AAE500413860 /* Release */ = {
			isa = XCBuildConfiguration;
			buildSettings = {
				ALWAYS_SEARCH_USER_PATHS = NO;
				CLANG_ANALYZER_NONNULL = YES;
				CLANG_ANALYZER_NUMBER_OBJECT_CONVERSION = YES_AGGRESSIVE;
				CLANG_CXX_LANGUAGE_STANDARD = "gnu++14";
				CLANG_CXX_LIBRARY = "libc++";
				CLANG_ENABLE_MODULES = YES;
				CLANG_ENABLE_OBJC_ARC = YES;
				CLANG_ENABLE_OBJC_WEAK = YES;
				CLANG_WARN_BLOCK_CAPTURE_AUTORELEASING = YES;
				CLANG_WARN_BOOL_CONVERSION = YES;
				CLANG_WARN_COMMA = YES;
				CLANG_WARN_CONSTANT_CONVERSION = YES;
				CLANG_WARN_DEPRECATED_OBJC_IMPLEMENTATIONS = YES;
				CLANG_WARN_DIRECT_OBJC_ISA_USAGE = YES_ERROR;
				CLANG_WARN_DOCUMENTATION_COMMENTS = YES;
				CLANG_WARN_EMPTY_BODY = YES;
				CLANG_WARN_ENUM_CONVERSION = YES;
				CLANG_WARN_INFINITE_RECURSION = YES;
				CLANG_WARN_INT_CONVERSION = YES;
				CLANG_WARN_NON_LITERAL_NULL_CONVERSION = YES;
				CLANG_WARN_OBJC_IMPLICIT_RETAIN_SELF = YES;
				CLANG_WARN_OBJC_LITERAL_CONVERSION = YES;
				CLANG_WARN_OBJC_ROOT_CLASS = YES_ERROR;
				CLANG_WARN_QUOTED_INCLUDE_IN_FRAMEWORK_HEADER = YES;
				CLANG_WARN_RANGE_LOOP_ANALYSIS = YES;
				CLANG_WARN_STRICT_PROTOTYPES = YES;
				CLANG_WARN_SUSPICIOUS_MOVE = YES;
				CLANG_WARN_UNGUARDED_AVAILABILITY = YES_AGGRESSIVE;
				CLANG_WARN_UNREACHABLE_CODE = YES;
				CLANG_WARN__DUPLICATE_METHOD_MATCH = YES;
				COPY_PHASE_STRIP = NO;
				DEBUG_INFORMATION_FORMAT = "dwarf-with-dsym";
				ENABLE_NS_ASSERTIONS = NO;
				ENABLE_STRICT_OBJC_MSGSEND = YES;
				GCC_C_LANGUAGE_STANDARD = gnu11;
				GCC_NO_COMMON_BLOCKS = YES;
				GCC_WARN_64_TO_32_BIT_CONVERSION = YES;
				GCC_WARN_ABOUT_RETURN_TYPE = YES_ERROR;
				GCC_WARN_UNDECLARED_SELECTOR = YES;
				GCC_WARN_UNINITIALIZED_AUTOS = YES_AGGRESSIVE;
				GCC_WARN_UNUSED_FUNCTION = YES;
				GCC_WARN_UNUSED_VARIABLE = YES;
				MACOSX_DEPLOYMENT_TARGET = 10.15;
				MTL_ENABLE_DEBUG_INFO = NO;
				MTL_FAST_MATH = YES;
				SDKROOT = macosx;
			};
			name = Release;
		};
		B5B783D32566AAE500413860 /* Debug */ = {
			isa = XCBuildConfiguration;
			buildSettings = {
				CODE_SIGN_STYLE = Automatic;
				PRODUCT_NAME = "$(TARGET_NAME)";
			};
			name = Debug;
		};
		B5B783D42566AAE500413860 /* Release */ = {
			isa = XCBuildConfiguration;
			buildSettings = {
				CODE_SIGN_STYLE = Automatic;
				PRODUCT_NAME = "$(TARGET_NAME)";
			};
			name = Release;
		};
/* End XCBuildConfiguration section */

/* Begin XCConfigurationList section */
		B55345C7256BEB350032052C /* Build configuration list for PBXNativeTarget "benchmark" */ = {
			isa = XCConfigurationList;
			buildConfigurations = (
				B55345C5256BEB350032052C /* Debug */,
				B55345C6256BEB350032052C /* Release */,
			);
			defaultConfigurationIsVisible = 0;
			defaultConfigurationName = Release;
		};
		B5B783C62566AAE500413860 /* Build configuration list for PBXProject "da_lab_02" */ = {
			isa = XCConfigurationList;
			buildConfigurations = (
				B5B783D02566AAE500413860 /* Debug */,
				B5B783D12566AAE500413860 /* Release */,
			);
			defaultConfigurationIsVisible = 0;
			defaultConfigurationName = Release;
		};
		B5B783D22566AAE500413860 /* Build configuration list for PBXNativeTarget "da_lab_02" */ = {
			isa = XCConfigurationList;
			buildConfigurations = (
				B5B783D32566AAE500413860 /* Debug */,
				B5B783D42566AAE500413860 /* Release */,
			);
			defaultConfigurationIsVisible = 0;
			defaultConfigurationName = Release;
		};
/* End XCConfigurationList section */
	};
	rootObject = B5B783C32566AAE500413860 /* Project object */;
}
